// !$*UTF8*$!
{
	archiveVersion = 1;
	classes = {
	};
	objectVersion = 77;
	objects = {

/* Begin PBXBuildFile section */
		B086C8AC2DC78FDC00CE998F /* README.md in Resources */ = {isa = PBXBuildFile; fileRef = B086C8AB2DC78FDC00CE998F /* README.md */; };
/* End PBXBuildFile section */

/* Begin PBXContainerItemProxy section */
		B086C8652DC779FB00CE998F /* PBXContainerItemProxy */ = {
			isa = PBXContainerItemProxy;
			containerPortal = B086C84D2DC779F800CE998F /* Project object */;
			proxyType = 1;
			remoteGlobalIDString = B086C8542DC779F800CE998F;
			remoteInfo = "job-tracker";
		};
		B086C86F2DC779FB00CE998F /* PBXContainerItemProxy */ = {
			isa = PBXContainerItemProxy;
			containerPortal = B086C84D2DC779F800CE998F /* Project object */;
			proxyType = 1;
			remoteGlobalIDString = B086C8542DC779F800CE998F;
			remoteInfo = "job-tracker";
		};
/* End PBXContainerItemProxy section */

/* Begin PBXFileReference section */
		B086C8552DC779F800CE998F /* job-tracker.app */ = {isa = PBXFileReference; explicitFileType = wrapper.application; includeInIndex = 0; path = "job-tracker.app"; sourceTree = BUILT_PRODUCTS_DIR; };
		B086C8642DC779FB00CE998F /* job-trackerTests.xctest */ = {isa = PBXFileReference; explicitFileType = wrapper.cfbundle; includeInIndex = 0; path = "job-trackerTests.xctest"; sourceTree = BUILT_PRODUCTS_DIR; };
		B086C86E2DC779FB00CE998F /* job-trackerUITests.xctest */ = {isa = PBXFileReference; explicitFileType = wrapper.cfbundle; includeInIndex = 0; path = "job-trackerUITests.xctest"; sourceTree = BUILT_PRODUCTS_DIR; };
		B086C8AB2DC78FDC00CE998F /* README.md */ = {isa = PBXFileReference; lastKnownFileType = net.daringfireball.markdown; path = README.md; sourceTree = "<group>"; };
/* End PBXFileReference section */

/* Begin PBXFileSystemSynchronizedRootGroup section */
		B086C8572DC779F800CE998F /* job-tracker */ = {
			isa = PBXFileSystemSynchronizedRootGroup;
			path = "job-tracker";
			sourceTree = "<group>";
		};
		B086C8672DC779FB00CE998F /* job-trackerTests */ = {
			isa = PBXFileSystemSynchronizedRootGroup;
			path = "job-trackerTests";
			sourceTree = "<group>";
		};
		B086C8712DC779FB00CE998F /* job-trackerUITests */ = {
			isa = PBXFileSystemSynchronizedRootGroup;
			path = "job-trackerUITests";
			sourceTree = "<group>";
		};
		B086C8B12DCB8B0C00CE998F /* images */ = {
			isa = PBXFileSystemSynchronizedRootGroup;
			path = images;
			sourceTree = "<group>";
		};
/* End PBXFileSystemSynchronizedRootGroup section */

/* Begin PBXFrameworksBuildPhase section */
		B086C8522DC779F800CE998F /* Frameworks */ = {
			isa = PBXFrameworksBuildPhase;
			buildActionMask = 2147483647;
			files = (
			);
			runOnlyForDeploymentPostprocessing = 0;
		};
		B086C8612DC779FB00CE998F /* Frameworks */ = {
			isa = PBXFrameworksBuildPhase;
			buildActionMask = 2147483647;
			files = (
			);
			runOnlyForDeploymentPostprocessing = 0;
		};
		B086C86B2DC779FB00CE998F /* Frameworks */ = {
			isa = PBXFrameworksBuildPhase;
			buildActionMask = 2147483647;
			files = (
			);
			runOnlyForDeploymentPostprocessing = 0;
		};
/* End PBXFrameworksBuildPhase section */

/* Begin PBXGroup section */
		B086C84C2DC779F800CE998F = {
			isa = PBXGroup;
			children = (
				B086C8B12DCB8B0C00CE998F /* images */,
				B086C8572DC779F800CE998F /* job-tracker */,
				B086C8672DC779FB00CE998F /* job-trackerTests */,
				B086C8712DC779FB00CE998F /* job-trackerUITests */,
				B086C8562DC779F800CE998F /* Products */,
				B086C8AB2DC78FDC00CE998F /* README.md */,
			);
			sourceTree = "<group>";
		};
		B086C8562DC779F800CE998F /* Products */ = {
			isa = PBXGroup;
			children = (
				B086C8552DC779F800CE998F /* job-tracker.app */,
				B086C8642DC779FB00CE998F /* job-trackerTests.xctest */,
				B086C86E2DC779FB00CE998F /* job-trackerUITests.xctest */,
			);
			name = Products;
			sourceTree = "<group>";
		};
/* End PBXGroup section */

/* Begin PBXNativeTarget section */
		B086C8542DC779F800CE998F /* job-tracker */ = {
			isa = PBXNativeTarget;
			buildConfigurationList = B086C8782DC779FB00CE998F /* Build configuration list for PBXNativeTarget "job-tracker" */;
			buildPhases = (
				B086C8512DC779F800CE998F /* Sources */,
				B086C8522DC779F800CE998F /* Frameworks */,
				B086C8532DC779F800CE998F /* Resources */,
			);
			buildRules = (
			);
			dependencies = (
			);
			fileSystemSynchronizedGroups = (
				B086C8572DC779F800CE998F /* job-tracker */,
				B086C8B12DCB8B0C00CE998F /* images */,
			);
			name = "job-tracker";
			packageProductDependencies = (
			);
			productName = "job-tracker";
			productReference = B086C8552DC779F800CE998F /* job-tracker.app */;
			productType = "com.apple.product-type.application";
		};
		B086C8632DC779FB00CE998F /* job-trackerTests */ = {
			isa = PBXNativeTarget;
			buildConfigurationList = B086C87B2DC779FB00CE998F /* Build configuration list for PBXNativeTarget "job-trackerTests" */;
			buildPhases = (
				B086C8602DC779FB00CE998F /* Sources */,
				B086C8612DC779FB00CE998F /* Frameworks */,
				B086C8622DC779FB00CE998F /* Resources */,
			);
			buildRules = (
			);
			dependencies = (
				B086C8662DC779FB00CE998F /* PBXTargetDependency */,
			);
			fileSystemSynchronizedGroups = (
				B086C8672DC779FB00CE998F /* job-trackerTests */,
			);
			name = "job-trackerTests";
			packageProductDependencies = (
			);
			productName = "job-trackerTests";
			productReference = B086C8642DC779FB00CE998F /* job-trackerTests.xctest */;
			productType = "com.apple.product-type.bundle.unit-test";
		};
		B086C86D2DC779FB00CE998F /* job-trackerUITests */ = {
			isa = PBXNativeTarget;
			buildConfigurationList = B086C87E2DC779FB00CE998F /* Build configuration list for PBXNativeTarget "job-trackerUITests" */;
			buildPhases = (
				B086C86A2DC779FB00CE998F /* Sources */,
				B086C86B2DC779FB00CE998F /* Frameworks */,
				B086C86C2DC779FB00CE998F /* Resources */,
			);
			buildRules = (
			);
			dependencies = (
				B086C8702DC779FB00CE998F /* PBXTargetDependency */,
			);
			fileSystemSynchronizedGroups = (
				B086C8712DC779FB00CE998F /* job-trackerUITests */,
			);
			name = "job-trackerUITests";
			packageProductDependencies = (
			);
			productName = "job-trackerUITests";
			productReference = B086C86E2DC779FB00CE998F /* job-trackerUITests.xctest */;
			productType = "com.apple.product-type.bundle.ui-testing";
		};
/* End PBXNativeTarget section */

/* Begin PBXProject section */
		B086C84D2DC779F800CE998F /* Project object */ = {
			isa = PBXProject;
			attributes = {
				BuildIndependentTargetsInParallel = 1;
				LastSwiftUpdateCheck = 1630;
				LastUpgradeCheck = 1630;
				TargetAttributes = {
					B086C8542DC779F800CE998F = {
						CreatedOnToolsVersion = 16.3;
					};
					B086C8632DC779FB00CE998F = {
						CreatedOnToolsVersion = 16.3;
						TestTargetID = B086C8542DC779F800CE998F;
					};
					B086C86D2DC779FB00CE998F = {
						CreatedOnToolsVersion = 16.3;
						TestTargetID = B086C8542DC779F800CE998F;
					};
				};
			};
			buildConfigurationList = B086C8502DC779F800CE998F /* Build configuration list for PBXProject "job-tracker" */;
			developmentRegion = en;
			hasScannedForEncodings = 0;
			knownRegions = (
				en,
				Base,
			);
			mainGroup = B086C84C2DC779F800CE998F;
			minimizedProjectReferenceProxies = 1;
			preferredProjectObjectVersion = 77;
			productRefGroup = B086C8562DC779F800CE998F /* Products */;
			projectDirPath = "";
			projectRoot = "";
			targets = (
				B086C8542DC779F800CE998F /* job-tracker */,
				B086C8632DC779FB00CE998F /* job-trackerTests */,
				B086C86D2DC779FB00CE998F /* job-trackerUITests */,
			);
		};
/* End PBXProject section */

/* Begin PBXResourcesBuildPhase section */
		B086C8532DC779F800CE998F /* Resources */ = {
			isa = PBXResourcesBuildPhase;
			buildActionMask = 2147483647;
			files = (
				B086C8AC2DC78FDC00CE998F /* README.md in Resources */,
			);
			runOnlyForDeploymentPostprocessing = 0;
		};
		B086C8622DC779FB00CE998F /* Resources */ = {
			isa = PBXResourcesBuildPhase;
			buildActionMask = 2147483647;
			files = (
			);
			runOnlyForDeploymentPostprocessing = 0;
		};
		B086C86C2DC779FB00CE998F /* Resources */ = {
			isa = PBXResourcesBuildPhase;
			buildActionMask = 2147483647;
			files = (
			);
			runOnlyForDeploymentPostprocessing = 0;
		};
/* End PBXResourcesBuildPhase section */

/* Begin PBXSourcesBuildPhase section */
		B086C8512DC779F800CE998F /* Sources */ = {
			isa = PBXSourcesBuildPhase;
			buildActionMask = 2147483647;
			files = (
			);
			runOnlyForDeploymentPostprocessing = 0;
		};
		B086C8602DC779FB00CE998F /* Sources */ = {
			isa = PBXSourcesBuildPhase;
			buildActionMask = 2147483647;
			files = (
			);
			runOnlyForDeploymentPostprocessing = 0;
		};
		B086C86A2DC779FB00CE998F /* Sources */ = {
			isa = PBXSourcesBuildPhase;
			buildActionMask = 2147483647;
			files = (
			);
			runOnlyForDeploymentPostprocessing = 0;
		};
/* End PBXSourcesBuildPhase section */

/* Begin PBXTargetDependency section */
		B086C8662DC779FB00CE998F /* PBXTargetDependency */ = {
			isa = PBXTargetDependency;
			target = B086C8542DC779F800CE998F /* job-tracker */;
			targetProxy = B086C8652DC779FB00CE998F /* PBXContainerItemProxy */;
		};
		B086C8702DC779FB00CE998F /* PBXTargetDependency */ = {
			isa = PBXTargetDependency;
			target = B086C8542DC779F800CE998F /* job-tracker */;
			targetProxy = B086C86F2DC779FB00CE998F /* PBXContainerItemProxy */;
		};
/* End PBXTargetDependency section */

/* Begin XCBuildConfiguration section */
		B086C8762DC779FB00CE998F /* Debug */ = {
			isa = XCBuildConfiguration;
			buildSettings = {
				ALWAYS_SEARCH_USER_PATHS = NO;
				ASSETCATALOG_COMPILER_GENERATE_SWIFT_ASSET_SYMBOL_EXTENSIONS = YES;
				CLANG_ANALYZER_NONNULL = YES;
				CLANG_ANALYZER_NUMBER_OBJECT_CONVERSION = YES_AGGRESSIVE;
				CLANG_CXX_LANGUAGE_STANDARD = "gnu++20";
				CLANG_ENABLE_MODULES = YES;
				CLANG_ENABLE_OBJC_ARC = YES;
				CLANG_ENABLE_OBJC_WEAK = YES;
				CLANG_WARN_BLOCK_CAPTURE_AUTORELEASING = YES;
				CLANG_WARN_BOOL_CONVERSION = YES;
				CLANG_WARN_COMMA = YES;
				CLANG_WARN_CONSTANT_CONVERSION = YES;
				CLANG_WARN_DEPRECATED_OBJC_IMPLEMENTATIONS = YES;
				CLANG_WARN_DIRECT_OBJC_ISA_USAGE = YES_ERROR;
				CLANG_WARN_DOCUMENTATION_COMMENTS = YES;
				CLANG_WARN_EMPTY_BODY = YES;
				CLANG_WARN_ENUM_CONVERSION = YES;
				CLANG_WARN_INFINITE_RECURSION = YES;
				CLANG_WARN_INT_CONVERSION = YES;
				CLANG_WARN_NON_LITERAL_NULL_CONVERSION = YES;
				CLANG_WARN_OBJC_IMPLICIT_RETAIN_SELF = YES;
				CLANG_WARN_OBJC_LITERAL_CONVERSION = YES;
				CLANG_WARN_OBJC_ROOT_CLASS = YES_ERROR;
				CLANG_WARN_QUOTED_INCLUDE_IN_FRAMEWORK_HEADER = YES;
				CLANG_WARN_RANGE_LOOP_ANALYSIS = YES;
				CLANG_WARN_STRICT_PROTOTYPES = YES;
				CLANG_WARN_SUSPICIOUS_MOVE = YES;
				CLANG_WARN_UNGUARDED_AVAILABILITY = YES_AGGRESSIVE;
				CLANG_WARN_UNREACHABLE_CODE = YES;
				CLANG_WARN__DUPLICATE_METHOD_MATCH = YES;
				COPY_PHASE_STRIP = NO;
				DEBUG_INFORMATION_FORMAT = dwarf;
				DEVELOPMENT_TEAM = 74SPPLW6B3;
				ENABLE_STRICT_OBJC_MSGSEND = YES;
				ENABLE_TESTABILITY = YES;
				ENABLE_USER_SCRIPT_SANDBOXING = YES;
				GCC_C_LANGUAGE_STANDARD = gnu17;
				GCC_DYNAMIC_NO_PIC = NO;
				GCC_NO_COMMON_BLOCKS = YES;
				GCC_OPTIMIZATION_LEVEL = 0;
				GCC_PREPROCESSOR_DEFINITIONS = (
					"DEBUG=1",
					"$(inherited)",
				);
				GCC_WARN_64_TO_32_BIT_CONVERSION = YES;
				GCC_WARN_ABOUT_RETURN_TYPE = YES_ERROR;
				GCC_WARN_UNDECLARED_SELECTOR = YES;
				GCC_WARN_UNINITIALIZED_AUTOS = YES_AGGRESSIVE;
				GCC_WARN_UNUSED_FUNCTION = YES;
				GCC_WARN_UNUSED_VARIABLE = YES;
				IPHONEOS_DEPLOYMENT_TARGET = 18.4;
				LOCALIZATION_PREFERS_STRING_CATALOGS = YES;
				MTL_ENABLE_DEBUG_INFO = INCLUDE_SOURCE;
				MTL_FAST_MATH = YES;
				ONLY_ACTIVE_ARCH = YES;
				SDKROOT = iphoneos;
				SWIFT_ACTIVE_COMPILATION_CONDITIONS = "DEBUG $(inherited)";
				SWIFT_OPTIMIZATION_LEVEL = "-Onone";
			};
			name = Debug;
		};
		B086C8772DC779FB00CE998F /* Release */ = {
			isa = XCBuildConfiguration;
			buildSettings = {
				ALWAYS_SEARCH_USER_PATHS = NO;
				ASSETCATALOG_COMPILER_GENERATE_SWIFT_ASSET_SYMBOL_EXTENSIONS = YES;
				CLANG_ANALYZER_NONNULL = YES;
				CLANG_ANALYZER_NUMBER_OBJECT_CONVERSION = YES_AGGRESSIVE;
				CLANG_CXX_LANGUAGE_STANDARD = "gnu++20";
				CLANG_ENABLE_MODULES = YES;
				CLANG_ENABLE_OBJC_ARC = YES;
				CLANG_ENABLE_OBJC_WEAK = YES;
				CLANG_WARN_BLOCK_CAPTURE_AUTORELEASING = YES;
				CLANG_WARN_BOOL_CONVERSION = YES;
				CLANG_WARN_COMMA = YES;
				CLANG_WARN_CONSTANT_CONVERSION = YES;
				CLANG_WARN_DEPRECATED_OBJC_IMPLEMENTATIONS = YES;
				CLANG_WARN_DIRECT_OBJC_ISA_USAGE = YES_ERROR;
				CLANG_WARN_DOCUMENTATION_COMMENTS = YES;
				CLANG_WARN_EMPTY_BODY = YES;
				CLANG_WARN_ENUM_CONVERSION = YES;
				CLANG_WARN_INFINITE_RECURSION = YES;
				CLANG_WARN_INT_CONVERSION = YES;
				CLANG_WARN_NON_LITERAL_NULL_CONVERSION = YES;
				CLANG_WARN_OBJC_IMPLICIT_RETAIN_SELF = YES;
				CLANG_WARN_OBJC_LITERAL_CONVERSION = YES;
				CLANG_WARN_OBJC_ROOT_CLASS = YES_ERROR;
				CLANG_WARN_QUOTED_INCLUDE_IN_FRAMEWORK_HEADER = YES;
				CLANG_WARN_RANGE_LOOP_ANALYSIS = YES;
				CLANG_WARN_STRICT_PROTOTYPES = YES;
				CLANG_WARN_SUSPICIOUS_MOVE = YES;
				CLANG_WARN_UNGUARDED_AVAILABILITY = YES_AGGRESSIVE;
				CLANG_WARN_UNREACHABLE_CODE = YES;
				CLANG_WARN__DUPLICATE_METHOD_MATCH = YES;
				COPY_PHASE_STRIP = NO;
				DEBUG_INFORMATION_FORMAT = "dwarf-with-dsym";
				DEVELOPMENT_TEAM = 74SPPLW6B3;
				ENABLE_NS_ASSERTIONS = NO;
				ENABLE_STRICT_OBJC_MSGSEND = YES;
				ENABLE_USER_SCRIPT_SANDBOXING = YES;
				GCC_C_LANGUAGE_STANDARD = gnu17;
				GCC_NO_COMMON_BLOCKS = YES;
				GCC_WARN_64_TO_32_BIT_CONVERSION = YES;
				GCC_WARN_ABOUT_RETURN_TYPE = YES_ERROR;
				GCC_WARN_UNDECLARED_SELECTOR = YES;
				GCC_WARN_UNINITIALIZED_AUTOS = YES_AGGRESSIVE;
				GCC_WARN_UNUSED_FUNCTION = YES;
				GCC_WARN_UNUSED_VARIABLE = YES;
				IPHONEOS_DEPLOYMENT_TARGET = 18.4;
				LOCALIZATION_PREFERS_STRING_CATALOGS = YES;
				MTL_ENABLE_DEBUG_INFO = NO;
				MTL_FAST_MATH = YES;
				SDKROOT = iphoneos;
				SWIFT_COMPILATION_MODE = wholemodule;
				VALIDATE_PRODUCT = YES;
			};
			name = Release;
		};
		B086C8792DC779FB00CE998F /* Debug */ = {
			isa = XCBuildConfiguration;
			buildSettings = {
				ASSETCATALOG_COMPILER_APPICON_NAME = AppIcon;
				ASSETCATALOG_COMPILER_GLOBAL_ACCENT_COLOR_NAME = AccentColor;
				CODE_SIGN_STYLE = Automatic;
				CURRENT_PROJECT_VERSION = 1;
				DEVELOPMENT_TEAM = 74SPPLW6B3;
				ENABLE_PREVIEWS = YES;
				GENERATE_INFOPLIST_FILE = YES;
				INFOPLIST_KEY_UIApplicationSceneManifest_Generation = YES;
				INFOPLIST_KEY_UIApplicationSupportsIndirectInputEvents = YES;
				INFOPLIST_KEY_UILaunchScreen_Generation = YES;
				INFOPLIST_KEY_UISupportedInterfaceOrientations_iPad = "UIInterfaceOrientationPortrait UIInterfaceOrientationPortraitUpsideDown UIInterfaceOrientationLandscapeLeft UIInterfaceOrientationLandscapeRight";
				INFOPLIST_KEY_UISupportedInterfaceOrientations_iPhone = "UIInterfaceOrientationPortrait UIInterfaceOrientationLandscapeLeft UIInterfaceOrientationLandscapeRight";
				LD_RUNPATH_SEARCH_PATHS = (
					"$(inherited)",
					"@executable_path/Frameworks",
				);
				MARKETING_VERSION = 1.0;
				PRODUCT_BUNDLE_IDENTIFIER = "test-app.job-tracker";
				PRODUCT_NAME = "$(TARGET_NAME)";
				SWIFT_EMIT_LOC_STRINGS = YES;
				SWIFT_VERSION = 5.0;
				TARGETED_DEVICE_FAMILY = "1,2";
			};
			name = Debug;
		};
		B086C87A2DC779FB00CE998F /* Release */ = {
			isa = XCBuildConfiguration;
			buildSettings = {
				ASSETCATALOG_COMPILER_APPICON_NAME = AppIcon;
				ASSETCATALOG_COMPILER_GLOBAL_ACCENT_COLOR_NAME = AccentColor;
				CODE_SIGN_STYLE = Automatic;
				CURRENT_PROJECT_VERSION = 1;
				DEVELOPMENT_TEAM = 74SPPLW6B3;
				ENABLE_PREVIEWS = YES;
				GENERATE_INFOPLIST_FILE = YES;
				INFOPLIST_KEY_UIApplicationSceneManifest_Generation = YES;
				INFOPLIST_KEY_UIApplicationSupportsIndirectInputEvents = YES;
				INFOPLIST_KEY_UILaunchScreen_Generation = YES;
				INFOPLIST_KEY_UISupportedInterfaceOrientations_iPad = "UIInterfaceOrientationPortrait UIInterfaceOrientationPortraitUpsideDown UIInterfaceOrientationLandscapeLeft UIInterfaceOrientationLandscapeRight";
				INFOPLIST_KEY_UISupportedInterfaceOrientations_iPhone = "UIInterfaceOrientationPortrait UIInterfaceOrientationLandscapeLeft UIInterfaceOrientationLandscapeRight";
				LD_RUNPATH_SEARCH_PATHS = (
					"$(inherited)",
					"@executable_path/Frameworks",
				);
				MARKETING_VERSION = 1.0;
				PRODUCT_BUNDLE_IDENTIFIER = "test-app.job-tracker";
				PRODUCT_NAME = "$(TARGET_NAME)";
				SWIFT_EMIT_LOC_STRINGS = YES;
				SWIFT_VERSION = 5.0;
				TARGETED_DEVICE_FAMILY = "1,2";
			};
			name = Release;
		};
		B086C87C2DC779FB00CE998F /* Debug */ = {
			isa = XCBuildConfiguration;
			buildSettings = {
				BUNDLE_LOADER = "$(TEST_HOST)";
				CODE_SIGN_STYLE = Automatic;
				CURRENT_PROJECT_VERSION = 1;
				DEVELOPMENT_TEAM = 74SPPLW6B3;
				GENERATE_INFOPLIST_FILE = YES;
				IPHONEOS_DEPLOYMENT_TARGET = 18.4;
				MARKETING_VERSION = 1.0;
				PRODUCT_BUNDLE_IDENTIFIER = "test-app.job-trackerTests";
				PRODUCT_NAME = "$(TARGET_NAME)";
				SWIFT_EMIT_LOC_STRINGS = NO;
				SWIFT_VERSION = 5.0;
				TARGETED_DEVICE_FAMILY = "1,2";
				TEST_HOST = "$(BUILT_PRODUCTS_DIR)/job-tracker.app/$(BUNDLE_EXECUTABLE_FOLDER_PATH)/job-tracker";
			};
			name = Debug;
		};
		B086C87D2DC779FB00CE998F /* Release */ = {
			isa = XCBuildConfiguration;
			buildSettings = {
				BUNDLE_LOADER = "$(TEST_HOST)";
				CODE_SIGN_STYLE = Automatic;
				CURRENT_PROJECT_VERSION = 1;
				DEVELOPMENT_TEAM = 74SPPLW6B3;
				GENERATE_INFOPLIST_FILE = YES;
				IPHONEOS_DEPLOYMENT_TARGET = 18.4;
				MARKETING_VERSION = 1.0;
				PRODUCT_BUNDLE_IDENTIFIER = "test-app.job-trackerTests";
				PRODUCT_NAME = "$(TARGET_NAME)";
				SWIFT_EMIT_LOC_STRINGS = NO;
				SWIFT_VERSION = 5.0;
				TARGETED_DEVICE_FAMILY = "1,2";
				TEST_HOST = "$(BUILT_PRODUCTS_DIR)/job-tracker.app/$(BUNDLE_EXECUTABLE_FOLDER_PATH)/job-tracker";
			};
			name = Release;
		};
		B086C87F2DC779FB00CE998F /* Debug */ = {
			isa = XCBuildConfiguration;
			buildSettings = {
				CODE_SIGN_STYLE = Automatic;
				CURRENT_PROJECT_VERSION = 1;
				DEVELOPMENT_TEAM = 74SPPLW6B3;
				GENERATE_INFOPLIST_FILE = YES;
				MARKETING_VERSION = 1.0;
				PRODUCT_BUNDLE_IDENTIFIER = "test-app.job-trackerUITests";
				PRODUCT_NAME = "$(TARGET_NAME)";
				SWIFT_EMIT_LOC_STRINGS = NO;
				SWIFT_VERSION = 5.0;
				TARGETED_DEVICE_FAMILY = "1,2";
				TEST_TARGET_NAME = "job-tracker";
			};
			name = Debug;
		};
		B086C8802DC779FB00CE998F /* Release */ = {
			isa = XCBuildConfiguration;
			buildSettings = {
				CODE_SIGN_STYLE = Automatic;
				CURRENT_PROJECT_VERSION = 1;
				DEVELOPMENT_TEAM = 74SPPLW6B3;
				GENERATE_INFOPLIST_FILE = YES;
				MARKETING_VERSION = 1.0;
				PRODUCT_BUNDLE_IDENTIFIER = "test-app.job-trackerUITests";
				PRODUCT_NAME = "$(TARGET_NAME)";
				SWIFT_EMIT_LOC_STRINGS = NO;
				SWIFT_VERSION = 5.0;
				TARGETED_DEVICE_FAMILY = "1,2";
				TEST_TARGET_NAME = "job-tracker";
			};
			name = Release;
		};
/* End XCBuildConfiguration section */

/* Begin XCConfigurationList section */
		B086C8502DC779F800CE998F /* Build configuration list for PBXProject "job-tracker" */ = {
			isa = XCConfigurationList;
			buildConfigurations = (
				B086C8762DC779FB00CE998F /* Debug */,
				B086C8772DC779FB00CE998F /* Release */,
			);
			defaultConfigurationIsVisible = 0;
			defaultConfigurationName = Release;
		};
		B086C8782DC779FB00CE998F /* Build configuration list for PBXNativeTarget "job-tracker" */ = {
			isa = XCConfigurationList;
			buildConfigurations = (
				B086C8792DC779FB00CE998F /* Debug */,
				B086C87A2DC779FB00CE998F /* Release */,
			);
			defaultConfigurationIsVisible = 0;
			defaultConfigurationName = Release;
		};
		B086C87B2DC779FB00CE998F /* Build configuration list for PBXNativeTarget "job-trackerTests" */ = {
			isa = XCConfigurationList;
			buildConfigurations = (
				B086C87C2DC779FB00CE998F /* Debug */,
				B086C87D2DC779FB00CE998F /* Release */,
			);
			defaultConfigurationIsVisible = 0;
			defaultConfigurationName = Release;
		};
		B086C87E2DC779FB00CE998F /* Build configuration list for PBXNativeTarget "job-trackerUITests" */ = {
			isa = XCConfigurationList;
			buildConfigurations = (
				B086C87F2DC779FB00CE998F /* Debug */,
				B086C8802DC779FB00CE998F /* Release */,
			);
			defaultConfigurationIsVisible = 0;
			defaultConfigurationName = Release;
		};
/* End XCConfigurationList section */
	};
	rootObject = B086C84D2DC779F800CE998F /* Project object */;
}
